github.com/zeebo/xxh3 v0.0.0-20191021174148-b56a7dc3d80c h1:3PaZXPP1fMCBSQzwmcfLs0pX9wOeZpKduDDcvp6lKCc=
github.com/zeebo/xxh3 v0.0.0-20191021174148-b56a7dc3d80c/go.mod h1:e/zZObEJWtkq6f+bAzme0xQJSGI75oxoeqS+f2I7YVI=
golang.org/x/sys v0.0.0-20190826190057-c7b8b68b1456 h1:ng0gs1AKnRRuEMZoTLLlbOd+C17zUDepwGQBb/n+JVg=
golang.org/x/sys v0.0.0-20190826190057-c7b8b68b1456/go.mod h1:h1NjWce9XRLGQEsW7wpKNCjG9DtNlClVuFLEZdDNbEs=
golang.org/x/sys v0.0.0-20191025090151-53bf42e6b339 h1:zSqWKgm/o7HAnlAzBQ+aetp9fpuyytsXnKA8eiLHYQM=
golang.org/x/sys v0.0.0-20191025090151-53bf42e6b339/go.mod h1:h1NjWce9XRLGQEsW7wpKNCjG9DtNlClVuFLEZdDNbEs=
