github.com/zeebo/xxh3 v0.0.0-20190923153500-83a7230063d0 h1:tFBBYU7YRi28AS9Oj/uoHxsxkUUjj9rcTt/Lkzd/VHQ=
github.com/zeebo/xxh3 v0.0.0-20190923153500-83a7230063d0/go.mod h1:e/zZObEJWtkq6f+bAzme0xQJSGI75oxoeqS+f2I7YVI=
golang.org/x/sys v0.0.0-20190826190057-c7b8b68b1456 h1:ng0gs1AKnRRuEMZoTLLlbOd+C17zUDepwGQBb/n+JVg=
golang.org/x/sys v0.0.0-20190826190057-c7b8b68b1456/go.mod h1:h1NjWce9XRLGQEsW7wpKNCjG9DtNlClVuFLEZdDNbEs=
golang.org/x/sys v0.0.0-20191018095205-727590c5006e h1:ZtoklVMHQy6BFRHkbG6JzK+S6rX82//Yeok1vMlizfQ=
golang.org/x/sys v0.0.0-20191018095205-727590c5006e/go.mod h1:h1NjWce9XRLGQEsW7wpKNCjG9DtNlClVuFLEZdDNbEs=
